<?xml version="1.0" encoding="utf-8"?>
<Project ToolsVersion="4.0" xmlns="http://schemas.microsoft.com/developer/msbuild/2003">
  <ItemGroup>
    <Filter Include="Source Files">
      <UniqueIdentifier>{4FC737F1-C7A5-4376-A066-2A32D752A2FF}</UniqueIdentifier>
      <Extensions>cpp;c;cc;cxx;c++;cppm;ixx;def;odl;idl;hpj;bat;asm;asmx</Extensions>
    </Filter>
    <Filter Include="Header Files">
      <UniqueIdentifier>{93995380-89BD-4b04-88EB-625FBE52EBFB}</UniqueIdentifier>
      <Extensions>h;hh;hpp;hxx;h++;hm;inl;inc;ipp;xsd</Extensions>
    </Filter>
    <Filter Include="Resource Files">
      <UniqueIdentifier>{67DA6AB6-F800-4c08-8B7A-83BB121AAD01}</UniqueIdentifier>
      <Extensions>rc;ico;cur;bmp;dlg;rc2;rct;bin;rgs;gif;jpg;jpeg;jpe;resx;tiff;tif;png;wav;mfcribbon-ms</Extensions>
    </Filter>
    <Filter Include="Source Files\wrapper">
      <UniqueIdentifier>{41ec63f6-be20-4939-99fd-0939bb1f68c3}</UniqueIdentifier>
    </Filter>
    <Filter Include="Header Files\wrapper">
      <UniqueIdentifier>{a4ee88c3-53ac-4476-8a22-e906ba4e0cef}</UniqueIdentifier>
    </Filter>
    <Filter Include="Header Files\hook">
      <UniqueIdentifier>{5abe7085-a2ba-4428-aeae-e10b2dbaaa9e}</UniqueIdentifier>
    </Filter>
    <Filter Include="Source Files\hook">
      <UniqueIdentifier>{07f5bf83-f28d-4dfe-ae76-67685805383e}</UniqueIdentifier>
    </Filter>
    <Filter Include="Source Files\proxy">
      <UniqueIdentifier>{b9b6b2fc-04a7-4582-96d6-9db4c7c2a61e}</UniqueIdentifier>
    </Filter>
    <Filter Include="Header Files\proxy">
      <UniqueIdentifier>{a2f465d3-320e-4d8b-8c27-cfa5039ef2ba}</UniqueIdentifier>
    </Filter>
    <Filter Include="Header Files\proxy\connection">
      <UniqueIdentifier>{2ecbfceb-934c-4307-a7a6-f17bfe97390b}</UniqueIdentifier>
    </Filter>
    <Filter Include="Source Files\proxy\connection">
      <UniqueIdentifier>{e59f51c4-8670-4f66-acd4-4c2a918e83a3}</UniqueIdentifier>
    </Filter>
    <Filter Include="Header Files\proxy\http">
      <UniqueIdentifier>{b737e678-4e4b-4b58-9600-982281aacbbf}</UniqueIdentifier>
    </Filter>
    <Filter Include="Source Files\proxy\http">
      <UniqueIdentifier>{f1d0bf60-4c5c-48ec-adfb-024f3975697a}</UniqueIdentifier>
    </Filter>
  </ItemGroup>
  <ItemGroup>
    <ClInclude Include="framework.hpp">
      <Filter>Header Files</Filter>
    </ClInclude>
    <ClInclude Include="pch.hpp">
      <Filter>Header Files</Filter>
    </ClInclude>
    <ClInclude Include="dinput8.hpp">
      <Filter>Header Files\wrapper</Filter>
    </ClInclude>
    <ClInclude Include="Hook.hpp">
      <Filter>Header Files\hook</Filter>
    </ClInclude>
    <ClInclude Include="Config.hpp">
      <Filter>Header Files\hook</Filter>
    </ClInclude>
    <ClInclude Include="Utils.hpp">
      <Filter>Header Files\hook</Filter>
    </ClInclude>
    <ClInclude Include="PatchSSL.hpp">
      <Filter>Header Files\hook</Filter>
    </ClInclude>
    <ClInclude Include="ExitCode.hpp">
      <Filter>Header Files\hook</Filter>
    </ClInclude>
    <ClInclude Include="PatchDNS.hpp">
      <Filter>Header Files\hook</Filter>
    </ClInclude>
    <ClInclude Include="ProxyCert.hpp">
      <Filter>Header Files\proxy</Filter>
    </ClInclude>
    <ClInclude Include="Proxy.hpp">
      <Filter>Header Files\proxy</Filter>
    </ClInclude>
    <ClInclude Include="ExecutableType.hpp">
      <Filter>Header Files\hook</Filter>
    </ClInclude>
    <ClInclude Include="ProxyTCP.hpp">
      <Filter>Header Files\proxy</Filter>
    </ClInclude>
    <ClInclude Include="ConnectionPlasma.hpp">
      <Filter>Header Files\proxy\connection</Filter>
    </ClInclude>
    <ClInclude Include="ProxyClient.hpp">
      <Filter>Header Files\proxy</Filter>
    </ClInclude>
    <ClInclude Include="ProxyUDP.hpp">
      <Filter>Header Files\proxy</Filter>
    </ClInclude>
    <ClInclude Include="ConnectionTheater.hpp">
      <Filter>Header Files\proxy\connection</Filter>
    </ClInclude>
    <ClInclude Include="ProxyHTTP.hpp">
      <Filter>Header Files\proxy</Filter>
    </ClInclude>
    <ClInclude Include="HttpHandler.hpp">
      <Filter>Header Files\proxy\http</Filter>
    </ClInclude>
    <ClInclude Include="ProxyStopException.hpp">
      <Filter>Header Files\proxy</Filter>
    </ClInclude>
    <ClInclude Include="Packet.hpp">
      <Filter>Header Files\proxy</Filter>
    </ClInclude>
    <ClInclude Include="ProxyType.hpp">
      <Filter>Header Files\proxy</Filter>
    </ClInclude>
  </ItemGroup>
  <ItemGroup>
    <ClCompile Include="dllmain.cpp">
      <Filter>Source Files</Filter>
    </ClCompile>
    <ClCompile Include="pch.cpp">
      <Filter>Source Files</Filter>
    </ClCompile>
    <ClCompile Include="dinput8.cpp">
      <Filter>Source Files\wrapper</Filter>
    </ClCompile>
    <ClCompile Include="Hook.cpp">
      <Filter>Source Files\hook</Filter>
    </ClCompile>
    <ClCompile Include="Config.cpp">
      <Filter>Source Files\hook</Filter>
    </ClCompile>
    <ClCompile Include="Utils.cpp">
      <Filter>Source Files\hook</Filter>
    </ClCompile>
    <ClCompile Include="PatchSSL.cpp">
      <Filter>Source Files\hook</Filter>
    </ClCompile>
    <ClCompile Include="PatchDNS.cpp">
      <Filter>Source Files\hook</Filter>
    </ClCompile>
    <ClCompile Include="Proxy.cpp">
      <Filter>Source Files\proxy</Filter>
    </ClCompile>
    <ClCompile Include="ProxyTCP.cpp">
      <Filter>Source Files\proxy</Filter>
    </ClCompile>
    <ClCompile Include="ConnectionPlasma.cpp">
      <Filter>Source Files\proxy\connection</Filter>
    </ClCompile>
    <ClCompile Include="ProxyClient.cpp">
      <Filter>Source Files\proxy</Filter>
    </ClCompile>
    <ClCompile Include="ProxyUDP.cpp">
      <Filter>Source Files\proxy</Filter>
    </ClCompile>
    <ClCompile Include="ConnectionTheater.cpp">
      <Filter>Source Files\proxy\connection</Filter>
    </ClCompile>
    <ClCompile Include="ProxyHTTP.cpp">
      <Filter>Source Files\proxy</Filter>
    </ClCompile>
    <ClCompile Include="HttpHandler.cpp">
      <Filter>Source Files\proxy\http</Filter>
    </ClCompile>
    <ClCompile Include="Packet.cpp">
      <Filter>Source Files\proxy</Filter>
    </ClCompile>
  </ItemGroup>
</Project>